<?xml version="1.0" encoding="utf-8"?>
<Project ToolsVersion="4.0" xmlns="http://schemas.microsoft.com/developer/msbuild/2003">
  <ItemGroup>
    <Filter Include="Source Files">
      <UniqueIdentifier>{4FC737F1-C7A5-4376-A066-2A32D752A2FF}</UniqueIdentifier>
      <Extensions>cpp;c;cc;cxx;def;odl;idl;hpj;bat;asm;asmx</Extensions>
    </Filter>
    <Filter Include="Header Files">
      <UniqueIdentifier>{93995380-89BD-4b04-88EB-625FBE52EBFB}</UniqueIdentifier>
      <Extensions>h;hh;hpp;hxx;hm;inl;inc;xsd</Extensions>
    </Filter>
    <Filter Include="Resource Files">
      <UniqueIdentifier>{67DA6AB6-F800-4c08-8B7A-83BB121AAD01}</UniqueIdentifier>
      <Extensions>rc;ico;cur;bmp;dlg;rc2;rct;bin;rgs;gif;jpg;jpeg;jpe;resx;tiff;tif;png;wav;mfcribbon-ms</Extensions>
    </Filter>
    <Filter Include="LibSettings">
      <UniqueIdentifier>{44b5a9c6-7f18-4485-a71f-c3315bbae166}</UniqueIdentifier>
    </Filter>
    <Filter Include="Source Files\ModelTests">
      <UniqueIdentifier>{ab87dbf4-b90c-4183-a4d5-1e9610bdd2e1}</UniqueIdentifier>
    </Filter>
    <Filter Include="Source Files\MathTests">
      <UniqueIdentifier>{25079f25-73f1-4345-b833-174daf954d18}</UniqueIdentifier>
    </Filter>
  </ItemGroup>
  <ItemGroup>
    <ClCompile Include="Linking.cpp">
      <Filter>LibSettings</Filter>
    </ClCompile>
    <ClCompile Include="PointTests.cpp">
      <Filter>Source Files\ModelTests</Filter>
    </ClCompile>
    <ClCompile Include="RectangleTests.cpp">
      <Filter>Source Files\ModelTests</Filter>
    </ClCompile>
    <ClCompile Include="TriangleTests.cpp">
      <Filter>Source Files\ModelTests</Filter>
    </ClCompile>
    <ClCompile Include="ColorTests.cpp">
      <Filter>Source Files\ModelTests</Filter>
    </ClCompile>
    <ClCompile Include="Vector4fTests.cpp">
      <Filter>Source Files\MathTests</Filter>
    </ClCompile>
  </ItemGroup>
</Project>